
Microsoft Visual Studio Solution File, Format Version 12.00
# Visual Studio Version 17
VisualStudioVersion = 17.4.33213.308
MinimumVisualStudioVersion = 10.0.40219.1
Project("{2150E333-8FDC-42A3-9474-1A3956D46DE8}") = "Infra.Ioc", "Infra.Ioc", "{2DFFC1E0-08A7-46DF-A9F2-77E78419615F}"
EndProject
Project("{2150E333-8FDC-42A3-9474-1A3956D46DE8}") = "Infra.Bus", "Infra.Bus", "{0362E2A9-E476-4CC7-A2FC-609056CCBF8C}"
EndProject
Project("{2150E333-8FDC-42A3-9474-1A3956D46DE8}") = "Domain", "Domain", "{BB628358-440B-47FC-943E-2A093B7CCC70}"
EndProject
Project("{2150E333-8FDC-42A3-9474-1A3956D46DE8}") = "Microservices", "Microservices", "{B9B588CA-1807-4C29-BBD4-9C1CD5AA4101}"
EndProject
Project("{2150E333-8FDC-42A3-9474-1A3956D46DE8}") = "Presentation", "Presentation", "{72AB48B2-2424-43B3-BF06-6269EDD9DC06}"
EndProject
Project("{FAE04EC0-301F-11D3-BF4B-00C04F79EFBC}") = "MicroRabbit.Domain.Core", "MicroRabbit.Domain.Core\MicroRabbit.Domain.Core.csproj", "{A050CA5A-4C5D-4F7B-919E-1B8180BD6D4D}"
EndProject
Project("{FAE04EC0-301F-11D3-BF4B-00C04F79EFBC}") = "MicroRabbit.Infra.Bus", "MicroRabbit.Infra.Bus\MicroRabbit.Infra.Bus.csproj", "{B2F54F3D-6AF8-4FF9-B05D-D037EA3F4471}"
EndProject
Project("{FAE04EC0-301F-11D3-BF4B-00C04F79EFBC}") = "MicroRabbit.Infra.IoC", "MicroRabbit.Infra.IoC\MicroRabbit.Infra.IoC.csproj", "{ACAA990F-FBE0-4E37-8A13-8068CE221412}"
EndProject
Global
	GlobalSection(SolutionConfigurationPlatforms) = preSolution
		Debug|Any CPU = Debug|Any CPU
		Release|Any CPU = Release|Any CPU
	EndGlobalSection
	GlobalSection(ProjectConfigurationPlatforms) = postSolution
		{A050CA5A-4C5D-4F7B-919E-1B8180BD6D4D}.Debug|Any CPU.ActiveCfg = Debug|Any CPU
		{A050CA5A-4C5D-4F7B-919E-1B8180BD6D4D}.Debug|Any CPU.Build.0 = Debug|Any CPU
		{A050CA5A-4C5D-4F7B-919E-1B8180BD6D4D}.Release|Any CPU.ActiveCfg = Release|Any CPU
		{A050CA5A-4C5D-4F7B-919E-1B8180BD6D4D}.Release|Any CPU.Build.0 = Release|Any CPU
		{B2F54F3D-6AF8-4FF9-B05D-D037EA3F4471}.Debug|Any CPU.ActiveCfg = Debug|Any CPU
		{B2F54F3D-6AF8-4FF9-B05D-D037EA3F4471}.Debug|Any CPU.Build.0 = Debug|Any CPU
		{B2F54F3D-6AF8-4FF9-B05D-D037EA3F4471}.Release|Any CPU.ActiveCfg = Release|Any CPU
		{B2F54F3D-6AF8-4FF9-B05D-D037EA3F4471}.Release|Any CPU.Build.0 = Release|Any CPU
		{ACAA990F-FBE0-4E37-8A13-8068CE221412}.Debug|Any CPU.ActiveCfg = Debug|Any CPU
		{ACAA990F-FBE0-4E37-8A13-8068CE221412}.Debug|Any CPU.Build.0 = Debug|Any CPU
		{ACAA990F-FBE0-4E37-8A13-8068CE221412}.Release|Any CPU.ActiveCfg = Release|Any CPU
		{ACAA990F-FBE0-4E37-8A13-8068CE221412}.Release|Any CPU.Build.0 = Release|Any CPU
	EndGlobalSection
	GlobalSection(SolutionProperties) = preSolution
		HideSolutionNode = FALSE
	EndGlobalSection
	GlobalSection(NestedProjects) = preSolution
		{A050CA5A-4C5D-4F7B-919E-1B8180BD6D4D} = {BB628358-440B-47FC-943E-2A093B7CCC70}
		{B2F54F3D-6AF8-4FF9-B05D-D037EA3F4471} = {0362E2A9-E476-4CC7-A2FC-609056CCBF8C}
		{ACAA990F-FBE0-4E37-8A13-8068CE221412} = {2DFFC1E0-08A7-46DF-A9F2-77E78419615F}
	EndGlobalSection
	GlobalSection(ExtensibilityGlobals) = postSolution
		SolutionGuid = {5E7D05FD-E1D4-4658-9A4C-D4C1EF137143}
	EndGlobalSection
EndGlobal
