
Microsoft Visual Studio Solution File, Format Version 12.00
# Visual Studio Version 17
VisualStudioVersion = 17.4.33213.308
MinimumVisualStudioVersion = 10.0.40219.1
Project("{2150E333-8FDC-42A3-9474-1A3956D46DE8}") = "Infra.Ioc", "Infra.Ioc", "{2DFFC1E0-08A7-46DF-A9F2-77E78419615F}"
EndProject
Project("{2150E333-8FDC-42A3-9474-1A3956D46DE8}") = "Infra.Bus", "Infra.Bus", "{0362E2A9-E476-4CC7-A2FC-609056CCBF8C}"
EndProject
Project("{2150E333-8FDC-42A3-9474-1A3956D46DE8}") = "Domain", "Domain", "{BB628358-440B-47FC-943E-2A093B7CCC70}"
EndProject
Project("{2150E333-8FDC-42A3-9474-1A3956D46DE8}") = "Microservices", "Microservices", "{B9B588CA-1807-4C29-BBD4-9C1CD5AA4101}"
EndProject
Project("{2150E333-8FDC-42A3-9474-1A3956D46DE8}") = "Presentation", "Presentation", "{72AB48B2-2424-43B3-BF06-6269EDD9DC06}"
EndProject
Project("{FAE04EC0-301F-11D3-BF4B-00C04F79EFBC}") = "MicroRabbit.Domain.Core", "MicroRabbit.Domain.Core\MicroRabbit.Domain.Core.csproj", "{A050CA5A-4C5D-4F7B-919E-1B8180BD6D4D}"
EndProject
Project("{FAE04EC0-301F-11D3-BF4B-00C04F79EFBC}") = "MicroRabbit.Infra.Bus", "MicroRabbit.Infra.Bus\MicroRabbit.Infra.Bus.csproj", "{B2F54F3D-6AF8-4FF9-B05D-D037EA3F4471}"
EndProject
Project("{FAE04EC0-301F-11D3-BF4B-00C04F79EFBC}") = "MicroRabbit.Infra.IoC", "MicroRabbit.Infra.IoC\MicroRabbit.Infra.IoC.csproj", "{ACAA990F-FBE0-4E37-8A13-8068CE221412}"
EndProject
Project("{2150E333-8FDC-42A3-9474-1A3956D46DE8}") = "Banking", "Banking", "{3DF17375-0F32-440B-BAC6-357D927A6B9F}"
EndProject
Project("{2150E333-8FDC-42A3-9474-1A3956D46DE8}") = "Api", "Api", "{834B2838-69D3-4B1B-9F6D-3EA4B0A77034}"
EndProject
Project("{2150E333-8FDC-42A3-9474-1A3956D46DE8}") = "Application", "Application", "{C2FA01FD-26FA-4D5F-A0DE-5612B6DAE87C}"
EndProject
Project("{2150E333-8FDC-42A3-9474-1A3956D46DE8}") = "Data", "Data", "{4B9A6A66-0818-472B-9F49-286E20BAD04D}"
EndProject
Project("{2150E333-8FDC-42A3-9474-1A3956D46DE8}") = "Domain", "Domain", "{B444E59C-1203-4E30-B964-448382CCE6E3}"
EndProject
Project("{FAE04EC0-301F-11D3-BF4B-00C04F79EFBC}") = "MicroRabbit.Banking.Api", "MicroRabbit.Banking.Api\MicroRabbit.Banking.Api.csproj", "{5BCE199F-BA3A-413A-AAA2-8D688954F3A4}"
EndProject
Project("{FAE04EC0-301F-11D3-BF4B-00C04F79EFBC}") = "MicroRabbit.Banking.Application", "MicroRabbit.Banking.Application\MicroRabbit.Banking.Application.csproj", "{A88BBDE9-E2B9-45AE-8043-E151A5018F86}"
EndProject
Project("{FAE04EC0-301F-11D3-BF4B-00C04F79EFBC}") = "MicroRabbit.Banking.Data", "MicroRabbit.Banking.Data\MicroRabbit.Banking.Data.csproj", "{20BE40DF-E68F-4B06-8043-B7138225FDB2}"
EndProject
Project("{FAE04EC0-301F-11D3-BF4B-00C04F79EFBC}") = "MicroRabbit.Banking.Domain", "MicroRabbit.Banking.Domain\MicroRabbit.Banking.Domain.csproj", "{D534CA08-E4A1-47CC-9F5A-417B3F11DAAB}"
EndProject
Global
	GlobalSection(SolutionConfigurationPlatforms) = preSolution
		Debug|Any CPU = Debug|Any CPU
		Release|Any CPU = Release|Any CPU
	EndGlobalSection
	GlobalSection(ProjectConfigurationPlatforms) = postSolution
		{A050CA5A-4C5D-4F7B-919E-1B8180BD6D4D}.Debug|Any CPU.ActiveCfg = Debug|Any CPU
		{A050CA5A-4C5D-4F7B-919E-1B8180BD6D4D}.Debug|Any CPU.Build.0 = Debug|Any CPU
		{A050CA5A-4C5D-4F7B-919E-1B8180BD6D4D}.Release|Any CPU.ActiveCfg = Release|Any CPU
		{A050CA5A-4C5D-4F7B-919E-1B8180BD6D4D}.Release|Any CPU.Build.0 = Release|Any CPU
		{B2F54F3D-6AF8-4FF9-B05D-D037EA3F4471}.Debug|Any CPU.ActiveCfg = Debug|Any CPU
		{B2F54F3D-6AF8-4FF9-B05D-D037EA3F4471}.Debug|Any CPU.Build.0 = Debug|Any CPU
		{B2F54F3D-6AF8-4FF9-B05D-D037EA3F4471}.Release|Any CPU.ActiveCfg = Release|Any CPU
		{B2F54F3D-6AF8-4FF9-B05D-D037EA3F4471}.Release|Any CPU.Build.0 = Release|Any CPU
		{ACAA990F-FBE0-4E37-8A13-8068CE221412}.Debug|Any CPU.ActiveCfg = Debug|Any CPU
		{ACAA990F-FBE0-4E37-8A13-8068CE221412}.Debug|Any CPU.Build.0 = Debug|Any CPU
		{ACAA990F-FBE0-4E37-8A13-8068CE221412}.Release|Any CPU.ActiveCfg = Release|Any CPU
		{ACAA990F-FBE0-4E37-8A13-8068CE221412}.Release|Any CPU.Build.0 = Release|Any CPU
		{5BCE199F-BA3A-413A-AAA2-8D688954F3A4}.Debug|Any CPU.ActiveCfg = Debug|Any CPU
		{5BCE199F-BA3A-413A-AAA2-8D688954F3A4}.Debug|Any CPU.Build.0 = Debug|Any CPU
		{5BCE199F-BA3A-413A-AAA2-8D688954F3A4}.Release|Any CPU.ActiveCfg = Release|Any CPU
		{5BCE199F-BA3A-413A-AAA2-8D688954F3A4}.Release|Any CPU.Build.0 = Release|Any CPU
		{A88BBDE9-E2B9-45AE-8043-E151A5018F86}.Debug|Any CPU.ActiveCfg = Debug|Any CPU
		{A88BBDE9-E2B9-45AE-8043-E151A5018F86}.Debug|Any CPU.Build.0 = Debug|Any CPU
		{A88BBDE9-E2B9-45AE-8043-E151A5018F86}.Release|Any CPU.ActiveCfg = Release|Any CPU
		{A88BBDE9-E2B9-45AE-8043-E151A5018F86}.Release|Any CPU.Build.0 = Release|Any CPU
		{20BE40DF-E68F-4B06-8043-B7138225FDB2}.Debug|Any CPU.ActiveCfg = Debug|Any CPU
		{20BE40DF-E68F-4B06-8043-B7138225FDB2}.Debug|Any CPU.Build.0 = Debug|Any CPU
		{20BE40DF-E68F-4B06-8043-B7138225FDB2}.Release|Any CPU.ActiveCfg = Release|Any CPU
		{20BE40DF-E68F-4B06-8043-B7138225FDB2}.Release|Any CPU.Build.0 = Release|Any CPU
		{D534CA08-E4A1-47CC-9F5A-417B3F11DAAB}.Debug|Any CPU.ActiveCfg = Debug|Any CPU
		{D534CA08-E4A1-47CC-9F5A-417B3F11DAAB}.Debug|Any CPU.Build.0 = Debug|Any CPU
		{D534CA08-E4A1-47CC-9F5A-417B3F11DAAB}.Release|Any CPU.ActiveCfg = Release|Any CPU
		{D534CA08-E4A1-47CC-9F5A-417B3F11DAAB}.Release|Any CPU.Build.0 = Release|Any CPU
	EndGlobalSection
	GlobalSection(SolutionProperties) = preSolution
		HideSolutionNode = FALSE
	EndGlobalSection
	GlobalSection(NestedProjects) = preSolution
		{A050CA5A-4C5D-4F7B-919E-1B8180BD6D4D} = {BB628358-440B-47FC-943E-2A093B7CCC70}
		{B2F54F3D-6AF8-4FF9-B05D-D037EA3F4471} = {0362E2A9-E476-4CC7-A2FC-609056CCBF8C}
		{ACAA990F-FBE0-4E37-8A13-8068CE221412} = {2DFFC1E0-08A7-46DF-A9F2-77E78419615F}
		{3DF17375-0F32-440B-BAC6-357D927A6B9F} = {B9B588CA-1807-4C29-BBD4-9C1CD5AA4101}
		{834B2838-69D3-4B1B-9F6D-3EA4B0A77034} = {3DF17375-0F32-440B-BAC6-357D927A6B9F}
		{C2FA01FD-26FA-4D5F-A0DE-5612B6DAE87C} = {3DF17375-0F32-440B-BAC6-357D927A6B9F}
		{4B9A6A66-0818-472B-9F49-286E20BAD04D} = {3DF17375-0F32-440B-BAC6-357D927A6B9F}
		{B444E59C-1203-4E30-B964-448382CCE6E3} = {3DF17375-0F32-440B-BAC6-357D927A6B9F}
		{5BCE199F-BA3A-413A-AAA2-8D688954F3A4} = {834B2838-69D3-4B1B-9F6D-3EA4B0A77034}
		{A88BBDE9-E2B9-45AE-8043-E151A5018F86} = {C2FA01FD-26FA-4D5F-A0DE-5612B6DAE87C}
		{20BE40DF-E68F-4B06-8043-B7138225FDB2} = {4B9A6A66-0818-472B-9F49-286E20BAD04D}
		{D534CA08-E4A1-47CC-9F5A-417B3F11DAAB} = {B444E59C-1203-4E30-B964-448382CCE6E3}
	EndGlobalSection
	GlobalSection(ExtensibilityGlobals) = postSolution
		SolutionGuid = {5E7D05FD-E1D4-4658-9A4C-D4C1EF137143}
	EndGlobalSection
EndGlobal
